// !$*UTF8*$!
{
	archiveVersion = 1;
	classes = {
	};
	objectVersion = 55;
	objects = {

/* Begin PBXBuildFile section */
		04346C81286A7818005287B7 /* ControlImageView.swift in Sources */ = {isa = PBXBuildFile; fileRef = 04346C80286A7818005287B7 /* ControlImageView.swift */; };
		04346C83286A99BC005287B7 /* PageModel.swift in Sources */ = {isa = PBXBuildFile; fileRef = 04346C82286A99BC005287B7 /* PageModel.swift */; };
		04346C85286A9A64005287B7 /* PageFile.swift in Sources */ = {isa = PBXBuildFile; fileRef = 04346C84286A9A64005287B7 /* PageFile.swift */; };
		0449D7552863D3E4008AE5BD /* Pinch2App.swift in Sources */ = {isa = PBXBuildFile; fileRef = 0449D7542863D3E4008AE5BD /* Pinch2App.swift */; };
		0449D7572863D3E4008AE5BD /* ContentView.swift in Sources */ = {isa = PBXBuildFile; fileRef = 0449D7562863D3E4008AE5BD /* ContentView.swift */; };
		0449D7592863D3E6008AE5BD /* Assets.xcassets in Resources */ = {isa = PBXBuildFile; fileRef = 0449D7582863D3E6008AE5BD /* Assets.xcassets */; };
		0449D75C2863D3E6008AE5BD /* Preview Assets.xcassets in Resources */ = {isa = PBXBuildFile; fileRef = 0449D75B2863D3E6008AE5BD /* Preview Assets.xcassets */; };
		0479EF332863F55800D1E948 /* InfoPanelView.swift in Sources */ = {isa = PBXBuildFile; fileRef = 0479EF322863F55800D1E948 /* InfoPanelView.swift */; };
/* End PBXBuildFile section */

/* Begin PBXFileReference section */
		04346C80286A7818005287B7 /* ControlImageView.swift */ = {isa = PBXFileReference; lastKnownFileType = sourcecode.swift; path = ControlImageView.swift; sourceTree = "<group>"; };
		04346C82286A99BC005287B7 /* PageModel.swift */ = {isa = PBXFileReference; lastKnownFileType = sourcecode.swift; path = PageModel.swift; sourceTree = "<group>"; };
		04346C84286A9A64005287B7 /* PageFile.swift */ = {isa = PBXFileReference; lastKnownFileType = sourcecode.swift; path = PageFile.swift; sourceTree = "<group>"; };
		0449D7512863D3E4008AE5BD /* Pinch2.app */ = {isa = PBXFileReference; explicitFileType = wrapper.application; includeInIndex = 0; path = Pinch2.app; sourceTree = BUILT_PRODUCTS_DIR; };
		0449D7542863D3E4008AE5BD /* Pinch2App.swift */ = {isa = PBXFileReference; lastKnownFileType = sourcecode.swift; path = Pinch2App.swift; sourceTree = "<group>"; };
		0449D7562863D3E4008AE5BD /* ContentView.swift */ = {isa = PBXFileReference; lastKnownFileType = sourcecode.swift; path = ContentView.swift; sourceTree = "<group>"; };
		0449D7582863D3E6008AE5BD /* Assets.xcassets */ = {isa = PBXFileReference; lastKnownFileType = folder.assetcatalog; path = Assets.xcassets; sourceTree = "<group>"; };
		0449D75B2863D3E6008AE5BD /* Preview Assets.xcassets */ = {isa = PBXFileReference; lastKnownFileType = folder.assetcatalog; path = "Preview Assets.xcassets"; sourceTree = "<group>"; };
		0479EF322863F55800D1E948 /* InfoPanelView.swift */ = {isa = PBXFileReference; lastKnownFileType = sourcecode.swift; path = InfoPanelView.swift; sourceTree = "<group>"; };
/* End PBXFileReference section */

/* Begin PBXFrameworksBuildPhase section */
		0449D74E2863D3E4008AE5BD /* Frameworks */ = {
			isa = PBXFrameworksBuildPhase;
			buildActionMask = 2147483647;
			files = (
			);
			runOnlyForDeploymentPostprocessing = 0;
		};
/* End PBXFrameworksBuildPhase section */

/* Begin PBXGroup section */
		0449D7482863D3E4008AE5BD = {
			isa = PBXGroup;
			children = (
				0449D7532863D3E4008AE5BD /* Pinch2 */,
				0449D7522863D3E4008AE5BD /* Products */,
			);
			sourceTree = "<group>";
		};
		0449D7522863D3E4008AE5BD /* Products */ = {
			isa = PBXGroup;
			children = (
				0449D7512863D3E4008AE5BD /* Pinch2.app */,
			);
			name = Products;
			sourceTree = "<group>";
		};
		0449D7532863D3E4008AE5BD /* Pinch2 */ = {
			isa = PBXGroup;
			children = (
				0449D7652863D667008AE5BD /* View */,
				0449D7632863D56C008AE5BD /* Model */,
				0449D7622863D556008AE5BD /* Data */,
				0449D7542863D3E4008AE5BD /* Pinch2App.swift */,
				0449D7642863D5ED008AE5BD /* Screens */,
				0449D7582863D3E6008AE5BD /* Assets.xcassets */,
				0449D75A2863D3E6008AE5BD /* Preview Content */,
			);
			path = Pinch2;
			sourceTree = "<group>";
		};
		0449D75A2863D3E6008AE5BD /* Preview Content */ = {
			isa = PBXGroup;
			children = (
				0449D75B2863D3E6008AE5BD /* Preview Assets.xcassets */,
			);
			path = "Preview Content";
			sourceTree = "<group>";
		};
		0449D7622863D556008AE5BD /* Data */ = {
			isa = PBXGroup;
			children = (
				04346C84286A9A64005287B7 /* PageFile.swift */,
			);
			path = Data;
			sourceTree = "<group>";
		};
		0449D7632863D56C008AE5BD /* Model */ = {
			isa = PBXGroup;
			children = (
				04346C82286A99BC005287B7 /* PageModel.swift */,
			);
			path = Model;
			sourceTree = "<group>";
		};
		0449D7642863D5ED008AE5BD /* Screens */ = {
			isa = PBXGroup;
			children = (
				0449D7562863D3E4008AE5BD /* ContentView.swift */,
			);
			path = Screens;
			sourceTree = "<group>";
		};
		0449D7652863D667008AE5BD /* View */ = {
			isa = PBXGroup;
			children = (
				0479EF322863F55800D1E948 /* InfoPanelView.swift */,
				04346C80286A7818005287B7 /* ControlImageView.swift */,
			);
			path = View;
			sourceTree = "<group>";
		};
/* End PBXGroup section */

/* Begin PBXNativeTarget section */
		0449D7502863D3E4008AE5BD /* Pinch2 */ = {
			isa = PBXNativeTarget;
			buildConfigurationList = 0449D75F2863D3E6008AE5BD /* Build configuration list for PBXNativeTarget "Pinch2" */;
			buildPhases = (
				0449D74D2863D3E4008AE5BD /* Sources */,
				0449D74E2863D3E4008AE5BD /* Frameworks */,
				0449D74F2863D3E4008AE5BD /* Resources */,
			);
			buildRules = (
			);
			dependencies = (
			);
			name = Pinch2;
			productName = Pinch2;
			productReference = 0449D7512863D3E4008AE5BD /* Pinch2.app */;
			productType = "com.apple.product-type.application";
		};
/* End PBXNativeTarget section */

/* Begin PBXProject section */
		0449D7492863D3E4008AE5BD /* Project object */ = {
			isa = PBXProject;
			attributes = {
				BuildIndependentTargetsInParallel = 1;
				LastSwiftUpdateCheck = 1340;
				LastUpgradeCheck = 1340;
				TargetAttributes = {
					0449D7502863D3E4008AE5BD = {
						CreatedOnToolsVersion = 13.4.1;
					};
				};
			};
			buildConfigurationList = 0449D74C2863D3E4008AE5BD /* Build configuration list for PBXProject "Pinch2" */;
			compatibilityVersion = "Xcode 13.0";
			developmentRegion = en;
			hasScannedForEncodings = 0;
			knownRegions = (
				en,
				Base,
			);
			mainGroup = 0449D7482863D3E4008AE5BD;
			productRefGroup = 0449D7522863D3E4008AE5BD /* Products */;
			projectDirPath = "";
			projectRoot = "";
			targets = (
				0449D7502863D3E4008AE5BD /* Pinch2 */,
			);
		};
/* End PBXProject section */

/* Begin PBXResourcesBuildPhase section */
		0449D74F2863D3E4008AE5BD /* Resources */ = {
			isa = PBXResourcesBuildPhase;
			buildActionMask = 2147483647;
			files = (
				0449D75C2863D3E6008AE5BD /* Preview Assets.xcassets in Resources */,
				0449D7592863D3E6008AE5BD /* Assets.xcassets in Resources */,
			);
			runOnlyForDeploymentPostprocessing = 0;
		};
/* End PBXResourcesBuildPhase section */

/* Begin PBXSourcesBuildPhase section */
		0449D74D2863D3E4008AE5BD /* Sources */ = {
			isa = PBXSourcesBuildPhase;
			buildActionMask = 2147483647;
			files = (
				04346C81286A7818005287B7 /* ControlImageView.swift in Sources */,
				04346C83286A99BC005287B7 /* PageModel.swift in Sources */,
				0449D7572863D3E4008AE5BD /* ContentView.swift in Sources */,
				04346C85286A9A64005287B7 /* PageFile.swift in Sources */,
				0449D7552863D3E4008AE5BD /* Pinch2App.swift in Sources */,
				0479EF332863F55800D1E948 /* InfoPanelView.swift in Sources */,
			);
			runOnlyForDeploymentPostprocessing = 0;
		};
/* End PBXSourcesBuildPhase section */

/* Begin XCBuildConfiguration section */
		0449D75D2863D3E6008AE5BD /* Debug */ = {
			isa = XCBuildConfiguration;
			buildSettings = {
				ALWAYS_SEARCH_USER_PATHS = NO;
				CLANG_ANALYZER_NONNULL = YES;
				CLANG_ANALYZER_NUMBER_OBJECT_CONVERSION = YES_AGGRESSIVE;
				CLANG_CXX_LANGUAGE_STANDARD = "gnu++17";
				CLANG_ENABLE_MODULES = YES;
				CLANG_ENABLE_OBJC_ARC = YES;
				CLANG_ENABLE_OBJC_WEAK = YES;
				CLANG_WARN_BLOCK_CAPTURE_AUTORELEASING = YES;
				CLANG_WARN_BOOL_CONVERSION = YES;
				CLANG_WARN_COMMA = YES;
				CLANG_WARN_CONSTANT_CONVERSION = YES;
				CLANG_WARN_DEPRECATED_OBJC_IMPLEMENTATIONS = YES;
				CLANG_WARN_DIRECT_OBJC_ISA_USAGE = YES_ERROR;
				CLANG_WARN_DOCUMENTATION_COMMENTS = YES;
				CLANG_WARN_EMPTY_BODY = YES;
				CLANG_WARN_ENUM_CONVERSION = YES;
				CLANG_WARN_INFINITE_RECURSION = YES;
				CLANG_WARN_INT_CONVERSION = YES;
				CLANG_WARN_NON_LITERAL_NULL_CONVERSION = YES;
				CLANG_WARN_OBJC_IMPLICIT_RETAIN_SELF = YES;
				CLANG_WARN_OBJC_LITERAL_CONVERSION = YES;
				CLANG_WARN_OBJC_ROOT_CLASS = YES_ERROR;
				CLANG_WARN_QUOTED_INCLUDE_IN_FRAMEWORK_HEADER = YES;
				CLANG_WARN_RANGE_LOOP_ANALYSIS = YES;
				CLANG_WARN_STRICT_PROTOTYPES = YES;
				CLANG_WARN_SUSPICIOUS_MOVE = YES;
				CLANG_WARN_UNGUARDED_AVAILABILITY = YES_AGGRESSIVE;
				CLANG_WARN_UNREACHABLE_CODE = YES;
				CLANG_WARN__DUPLICATE_METHOD_MATCH = YES;
				COPY_PHASE_STRIP = NO;
				DEBUG_INFORMATION_FORMAT = dwarf;
				ENABLE_STRICT_OBJC_MSGSEND = YES;
				ENABLE_TESTABILITY = YES;
				GCC_C_LANGUAGE_STANDARD = gnu11;
				GCC_DYNAMIC_NO_PIC = NO;
				GCC_NO_COMMON_BLOCKS = YES;
				GCC_OPTIMIZATION_LEVEL = 0;
				GCC_PREPROCESSOR_DEFINITIONS = (
					"DEBUG=1",
					"$(inherited)",
				);
				GCC_WARN_64_TO_32_BIT_CONVERSION = YES;
				GCC_WARN_ABOUT_RETURN_TYPE = YES_ERROR;
				GCC_WARN_UNDECLARED_SELECTOR = YES;
				GCC_WARN_UNINITIALIZED_AUTOS = YES_AGGRESSIVE;
				GCC_WARN_UNUSED_FUNCTION = YES;
				GCC_WARN_UNUSED_VARIABLE = YES;
				IPHONEOS_DEPLOYMENT_TARGET = 15.5;
				MTL_ENABLE_DEBUG_INFO = INCLUDE_SOURCE;
				MTL_FAST_MATH = YES;
				ONLY_ACTIVE_ARCH = YES;
				SDKROOT = iphoneos;
				SWIFT_ACTIVE_COMPILATION_CONDITIONS = DEBUG;
				SWIFT_OPTIMIZATION_LEVEL = "-Onone";
			};
			name = Debug;
		};
		0449D75E2863D3E6008AE5BD /* Release */ = {
			isa = XCBuildConfiguration;
			buildSettings = {
				ALWAYS_SEARCH_USER_PATHS = NO;
				CLANG_ANALYZER_NONNULL = YES;
				CLANG_ANALYZER_NUMBER_OBJECT_CONVERSION = YES_AGGRESSIVE;
				CLANG_CXX_LANGUAGE_STANDARD = "gnu++17";
				CLANG_ENABLE_MODULES = YES;
				CLANG_ENABLE_OBJC_ARC = YES;
				CLANG_ENABLE_OBJC_WEAK = YES;
				CLANG_WARN_BLOCK_CAPTURE_AUTORELEASING = YES;
				CLANG_WARN_BOOL_CONVERSION = YES;
				CLANG_WARN_COMMA = YES;
				CLANG_WARN_CONSTANT_CONVERSION = YES;
				CLANG_WARN_DEPRECATED_OBJC_IMPLEMENTATIONS = YES;
				CLANG_WARN_DIRECT_OBJC_ISA_USAGE = YES_ERROR;
				CLANG_WARN_DOCUMENTATION_COMMENTS = YES;
				CLANG_WARN_EMPTY_BODY = YES;
				CLANG_WARN_ENUM_CONVERSION = YES;
				CLANG_WARN_INFINITE_RECURSION = YES;
				CLANG_WARN_INT_CONVERSION = YES;
				CLANG_WARN_NON_LITERAL_NULL_CONVERSION = YES;
				CLANG_WARN_OBJC_IMPLICIT_RETAIN_SELF = YES;
				CLANG_WARN_OBJC_LITERAL_CONVERSION = YES;
				CLANG_WARN_OBJC_ROOT_CLASS = YES_ERROR;
				CLANG_WARN_QUOTED_INCLUDE_IN_FRAMEWORK_HEADER = YES;
				CLANG_WARN_RANGE_LOOP_ANALYSIS = YES;
				CLANG_WARN_STRICT_PROTOTYPES = YES;
				CLANG_WARN_SUSPICIOUS_MOVE = YES;
				CLANG_WARN_UNGUARDED_AVAILABILITY = YES_AGGRESSIVE;
				CLANG_WARN_UNREACHABLE_CODE = YES;
				CLANG_WARN__DUPLICATE_METHOD_MATCH = YES;
				COPY_PHASE_STRIP = NO;
				DEBUG_INFORMATION_FORMAT = "dwarf-with-dsym";
				ENABLE_NS_ASSERTIONS = NO;
				ENABLE_STRICT_OBJC_MSGSEND = YES;
				GCC_C_LANGUAGE_STANDARD = gnu11;
				GCC_NO_COMMON_BLOCKS = YES;
				GCC_WARN_64_TO_32_BIT_CONVERSION = YES;
				GCC_WARN_ABOUT_RETURN_TYPE = YES_ERROR;
				GCC_WARN_UNDECLARED_SELECTOR = YES;
				GCC_WARN_UNINITIALIZED_AUTOS = YES_AGGRESSIVE;
				GCC_WARN_UNUSED_FUNCTION = YES;
				GCC_WARN_UNUSED_VARIABLE = YES;
				IPHONEOS_DEPLOYMENT_TARGET = 15.5;
				MTL_ENABLE_DEBUG_INFO = NO;
				MTL_FAST_MATH = YES;
				SDKROOT = iphoneos;
				SWIFT_COMPILATION_MODE = wholemodule;
				SWIFT_OPTIMIZATION_LEVEL = "-O";
				VALIDATE_PRODUCT = YES;
			};
			name = Release;
		};
		0449D7602863D3E6008AE5BD /* Debug */ = {
			isa = XCBuildConfiguration;
			buildSettings = {
				ASSETCATALOG_COMPILER_APPICON_NAME = AppIcon;
				ASSETCATALOG_COMPILER_GLOBAL_ACCENT_COLOR_NAME = AccentColor;
				CODE_SIGN_STYLE = Automatic;
				CURRENT_PROJECT_VERSION = 1;
				DEVELOPMENT_ASSET_PATHS = "\"Pinch2/Preview Content\"";
				ENABLE_PREVIEWS = YES;
				GENERATE_INFOPLIST_FILE = YES;
				INFOPLIST_KEY_UIApplicationSceneManifest_Generation = YES;
				INFOPLIST_KEY_UIApplicationSupportsIndirectInputEvents = YES;
				INFOPLIST_KEY_UILaunchScreen_Generation = YES;
				INFOPLIST_KEY_UISupportedInterfaceOrientations = "UIInterfaceOrientationPortrait UIInterfaceOrientationLandscapeLeft UIInterfaceOrientationLandscapeRight";
				INFOPLIST_KEY_UISupportedInterfaceOrientations_iPad = "UIInterfaceOrientationPortrait UIInterfaceOrientationPortraitUpsideDown UIInterfaceOrientationLandscapeLeft UIInterfaceOrientationLandscapeRight";
				INFOPLIST_KEY_UISupportedInterfaceOrientations_iPhone = UIInterfaceOrientationPortrait;
				LD_RUNPATH_SEARCH_PATHS = (
					"$(inherited)",
					"@executable_path/Frameworks",
				);
				MARKETING_VERSION = 1.0;
				PRODUCT_BUNDLE_IDENTIFIER = com.VoodooTango.Pinch2;
				PRODUCT_NAME = "$(TARGET_NAME)";
				SWIFT_EMIT_LOC_STRINGS = YES;
				SWIFT_VERSION = 5.0;
				TARGETED_DEVICE_FAMILY = "1,2";
			};
			name = Debug;
		};
		0449D7612863D3E6008AE5BD /* Release */ = {
			isa = XCBuildConfiguration;
			buildSettings = {
				ASSETCATALOG_COMPILER_APPICON_NAME = AppIcon;
				ASSETCATALOG_COMPILER_GLOBAL_ACCENT_COLOR_NAME = AccentColor;
				CODE_SIGN_STYLE = Automatic;
				CURRENT_PROJECT_VERSION = 1;
				DEVELOPMENT_ASSET_PATHS = "\"Pinch2/Preview Content\"";
				ENABLE_PREVIEWS = YES;
				GENERATE_INFOPLIST_FILE = YES;
				INFOPLIST_KEY_UIApplicationSceneManifest_Generation = YES;
				INFOPLIST_KEY_UIApplicationSupportsIndirectInputEvents = YES;
				INFOPLIST_KEY_UILaunchScreen_Generation = YES;
				INFOPLIST_KEY_UISupportedInterfaceOrientations = "UIInterfaceOrientationPortrait UIInterfaceOrientationLandscapeLeft UIInterfaceOrientationLandscapeRight";
				INFOPLIST_KEY_UISupportedInterfaceOrientations_iPad = "UIInterfaceOrientationPortrait UIInterfaceOrientationPortraitUpsideDown UIInterfaceOrientationLandscapeLeft UIInterfaceOrientationLandscapeRight";
				INFOPLIST_KEY_UISupportedInterfaceOrientations_iPhone = UIInterfaceOrientationPortrait;
				LD_RUNPATH_SEARCH_PATHS = (
					"$(inherited)",
					"@executable_path/Frameworks",
				);
				MARKETING_VERSION = 1.0;
				PRODUCT_BUNDLE_IDENTIFIER = com.VoodooTango.Pinch2;
				PRODUCT_NAME = "$(TARGET_NAME)";
				SWIFT_EMIT_LOC_STRINGS = YES;
				SWIFT_VERSION = 5.0;
				TARGETED_DEVICE_FAMILY = "1,2";
			};
			name = Release;
		};
/* End XCBuildConfiguration section */

/* Begin XCConfigurationList section */
		0449D74C2863D3E4008AE5BD /* Build configuration list for PBXProject "Pinch2" */ = {
			isa = XCConfigurationList;
			buildConfigurations = (
				0449D75D2863D3E6008AE5BD /* Debug */,
				0449D75E2863D3E6008AE5BD /* Release */,
			);
			defaultConfigurationIsVisible = 0;
			defaultConfigurationName = Release;
		};
		0449D75F2863D3E6008AE5BD /* Build configuration list for PBXNativeTarget "Pinch2" */ = {
			isa = XCConfigurationList;
			buildConfigurations = (
				0449D7602863D3E6008AE5BD /* Debug */,
				0449D7612863D3E6008AE5BD /* Release */,
			);
			defaultConfigurationIsVisible = 0;
			defaultConfigurationName = Release;
		};
/* End XCConfigurationList section */
	};
	rootObject = 0449D7492863D3E4008AE5BD /* Project object */;
}
